
Microsoft Visual Studio Solution File, Format Version 12.00
# Visual Studio Version 17
VisualStudioVersion = 17.8.34511.84
MinimumVisualStudioVersion = 10.0.40219.1
Project("{FAE04EC0-301F-11D3-BF4B-00C04F79EFBC}") = "ATV6_CJ3022129", "ATV6_CJ3022129\ATV6_CJ3022129.csproj", "{10639D2C-F5EB-4315-8515-F62412F30905}"
EndProject
Global
	GlobalSection(SolutionConfigurationPlatforms) = preSolution
		Debug|Any CPU = Debug|Any CPU
		Release|Any CPU = Release|Any CPU
	EndGlobalSection
	GlobalSection(ProjectConfigurationPlatforms) = postSolution
		{10639D2C-F5EB-4315-8515-F62412F30905}.Debug|Any CPU.ActiveCfg = Debug|Any CPU
		{10639D2C-F5EB-4315-8515-F62412F30905}.Debug|Any CPU.Build.0 = Debug|Any CPU
		{10639D2C-F5EB-4315-8515-F62412F30905}.Release|Any CPU.ActiveCfg = Release|Any CPU
		{10639D2C-F5EB-4315-8515-F62412F30905}.Release|Any CPU.Build.0 = Release|Any CPU
	EndGlobalSection
	GlobalSection(SolutionProperties) = preSolution
		HideSolutionNode = FALSE
	EndGlobalSection
	GlobalSection(ExtensibilityGlobals) = postSolution
		SolutionGuid = {86C4C7F8-85B1-481C-A90B-B11B37BB86BF}
	EndGlobalSection
EndGlobal
